
Microsoft Visual Studio Solution File, Format Version 12.00
# Visual Studio Version 17
VisualStudioVersion = 17.7.34221.43
MinimumVisualStudioVersion = 10.0.40219.1
Project("{9A19103F-16F7-4668-BE54-9A1E7A4F7556}") = "Serper.DAL", "Serper.DAL\Serper.DAL.csproj", "{D5C3285F-E328-47BE-96B5-F7D9AF184E72}"
EndProject
Project("{9A19103F-16F7-4668-BE54-9A1E7A4F7556}") = "Serper.BLL", "Serper.BLL\Serper.BLL.csproj", "{18C61908-9705-414C-87A9-DD79AA132865}"
EndProject
Project("{9A19103F-16F7-4668-BE54-9A1E7A4F7556}") = "Serper.Infrastructure", "Serper.Infrastructure\Serper.Infrastructure.csproj", "{3D6AD2BA-116F-4CB7-BC98-CBEC7B4575EB}"
EndProject
Project("{9A19103F-16F7-4668-BE54-9A1E7A4F7556}") = "Serper.API", "Serper.Api\Serper.API.csproj", "{FBCF784F-8E78-4F6E-9D18-04C9386A2695}"
EndProject
Project("{9A19103F-16F7-4668-BE54-9A1E7A4F7556}") = "Serper.Web", "Serper.Web\Serper.Web.csproj", "{0D56D825-FFFE-42B6-A4BE-F80EBEB2CB31}"
EndProject
Project("{FAE04EC0-301F-11D3-BF4B-00C04F79EFBC}") = "Serper.Tests", "Serper.Test\Serper.Tests.csproj", "{5B0B468C-78A5-4967-9285-F138B9F604E4}"
EndProject
Global
	GlobalSection(SolutionConfigurationPlatforms) = preSolution
		Debug|Any CPU = Debug|Any CPU
		Release|Any CPU = Release|Any CPU
	EndGlobalSection
	GlobalSection(ProjectConfigurationPlatforms) = postSolution
		{D5C3285F-E328-47BE-96B5-F7D9AF184E72}.Debug|Any CPU.ActiveCfg = Debug|Any CPU
		{D5C3285F-E328-47BE-96B5-F7D9AF184E72}.Debug|Any CPU.Build.0 = Debug|Any CPU
		{D5C3285F-E328-47BE-96B5-F7D9AF184E72}.Release|Any CPU.ActiveCfg = Release|Any CPU
		{D5C3285F-E328-47BE-96B5-F7D9AF184E72}.Release|Any CPU.Build.0 = Release|Any CPU
		{18C61908-9705-414C-87A9-DD79AA132865}.Debug|Any CPU.ActiveCfg = Debug|Any CPU
		{18C61908-9705-414C-87A9-DD79AA132865}.Debug|Any CPU.Build.0 = Debug|Any CPU
		{18C61908-9705-414C-87A9-DD79AA132865}.Release|Any CPU.ActiveCfg = Release|Any CPU
		{18C61908-9705-414C-87A9-DD79AA132865}.Release|Any CPU.Build.0 = Release|Any CPU
		{3D6AD2BA-116F-4CB7-BC98-CBEC7B4575EB}.Debug|Any CPU.ActiveCfg = Debug|Any CPU
		{3D6AD2BA-116F-4CB7-BC98-CBEC7B4575EB}.Debug|Any CPU.Build.0 = Debug|Any CPU
		{3D6AD2BA-116F-4CB7-BC98-CBEC7B4575EB}.Release|Any CPU.ActiveCfg = Release|Any CPU
		{3D6AD2BA-116F-4CB7-BC98-CBEC7B4575EB}.Release|Any CPU.Build.0 = Release|Any CPU
		{FBCF784F-8E78-4F6E-9D18-04C9386A2695}.Debug|Any CPU.ActiveCfg = Debug|Any CPU
		{FBCF784F-8E78-4F6E-9D18-04C9386A2695}.Debug|Any CPU.Build.0 = Debug|Any CPU
		{FBCF784F-8E78-4F6E-9D18-04C9386A2695}.Release|Any CPU.ActiveCfg = Release|Any CPU
		{FBCF784F-8E78-4F6E-9D18-04C9386A2695}.Release|Any CPU.Build.0 = Release|Any CPU
		{0D56D825-FFFE-42B6-A4BE-F80EBEB2CB31}.Debug|Any CPU.ActiveCfg = Debug|Any CPU
		{0D56D825-FFFE-42B6-A4BE-F80EBEB2CB31}.Debug|Any CPU.Build.0 = Debug|Any CPU
		{0D56D825-FFFE-42B6-A4BE-F80EBEB2CB31}.Release|Any CPU.ActiveCfg = Release|Any CPU
		{0D56D825-FFFE-42B6-A4BE-F80EBEB2CB31}.Release|Any CPU.Build.0 = Release|Any CPU
		{5B0B468C-78A5-4967-9285-F138B9F604E4}.Debug|Any CPU.ActiveCfg = Debug|Any CPU
		{5B0B468C-78A5-4967-9285-F138B9F604E4}.Debug|Any CPU.Build.0 = Debug|Any CPU
		{5B0B468C-78A5-4967-9285-F138B9F604E4}.Release|Any CPU.ActiveCfg = Release|Any CPU
		{5B0B468C-78A5-4967-9285-F138B9F604E4}.Release|Any CPU.Build.0 = Release|Any CPU
	EndGlobalSection
	GlobalSection(SolutionProperties) = preSolution
		HideSolutionNode = FALSE
	EndGlobalSection
	GlobalSection(ExtensibilityGlobals) = postSolution
		SolutionGuid = {3BB7D7D9-8B5B-45A4-B79F-0C73A5144528}
	EndGlobalSection
EndGlobal
